
Microsoft Visual Studio Solution File, Format Version 12.00
# Visual Studio 2013
VisualStudioVersion = 12.0.30723.0
MinimumVisualStudioVersion = 10.0.40219.1
Project("{FAE04EC0-301F-11D3-BF4B-00C04F79EFBC}") = "KtuvitRssDownloader", "KtuvitRssDownloader\KtuvitRssDownloader.csproj", "{B3FE9598-43BA-43A3-A21E-D4D86C92B499}"
EndProject
Project("{2150E333-8FDC-42A3-9474-1A3956D46DE8}") = "Libs", "Libs", "{83906154-0DBD-43E8-A83B-1FE0D871E5C2}"
EndProject
Global
	GlobalSection(SolutionConfigurationPlatforms) = preSolution
		Debug|Any CPU = Debug|Any CPU
		Release|Any CPU = Release|Any CPU
	EndGlobalSection
	GlobalSection(ProjectConfigurationPlatforms) = postSolution
		{B3FE9598-43BA-43A3-A21E-D4D86C92B499}.Debug|Any CPU.ActiveCfg = Debug|Any CPU
		{B3FE9598-43BA-43A3-A21E-D4D86C92B499}.Debug|Any CPU.Build.0 = Debug|Any CPU
		{B3FE9598-43BA-43A3-A21E-D4D86C92B499}.Release|Any CPU.ActiveCfg = Release|Any CPU
		{B3FE9598-43BA-43A3-A21E-D4D86C92B499}.Release|Any CPU.Build.0 = Release|Any CPU
	EndGlobalSection
	GlobalSection(SolutionProperties) = preSolution
		HideSolutionNode = FALSE
	EndGlobalSection
EndGlobal
